
Microsoft Visual Studio Solution File, Format Version 12.00
# Visual Studio 2017
Project("{FAE04EC0-301F-11D3-BF4B-00C04F79EFBC}") = "Chess 3", "Chess 3.csproj", "{023798FE-1816-EEEE-0ABD-2964D993C602}"
EndProject
Global
	GlobalSection(SolutionConfigurationPlatforms) = preSolution
		Debug|Any CPU = Debug|Any CPU
		Release|Any CPU = Release|Any CPU
	EndGlobalSection
	GlobalSection(ProjectConfigurationPlatforms) = postSolution
		{023798FE-1816-EEEE-0ABD-2964D993C602}.Debug|Any CPU.ActiveCfg = Debug|Any CPU
		{023798FE-1816-EEEE-0ABD-2964D993C602}.Debug|Any CPU.Build.0 = Debug|Any CPU
		{023798FE-1816-EEEE-0ABD-2964D993C602}.Release|Any CPU.ActiveCfg = Release|Any CPU
		{023798FE-1816-EEEE-0ABD-2964D993C602}.Release|Any CPU.Build.0 = Release|Any CPU
	EndGlobalSection
	GlobalSection(SolutionProperties) = preSolution
		HideSolutionNode = FALSE
	EndGlobalSection
EndGlobal
